
Microsoft Visual Studio Solution File, Format Version 12.00
# Visual Studio 15
VisualStudioVersion = 15.0.27130.2027
MinimumVisualStudioVersion = 10.0.40219.1
Project("{FAE04EC0-301F-11D3-BF4B-00C04F79EFBC}") = "HTMLHelpers2", "HTMLHelpers2\HTMLHelpers2.csproj", "{E5807606-15F7-41B5-B260-28E7753351E8}"
EndProject
Global
	GlobalSection(SolutionConfigurationPlatforms) = preSolution
		Debug|Any CPU = Debug|Any CPU
		Release|Any CPU = Release|Any CPU
	EndGlobalSection
	GlobalSection(ProjectConfigurationPlatforms) = postSolution
		{E5807606-15F7-41B5-B260-28E7753351E8}.Debug|Any CPU.ActiveCfg = Debug|Any CPU
		{E5807606-15F7-41B5-B260-28E7753351E8}.Debug|Any CPU.Build.0 = Debug|Any CPU
		{E5807606-15F7-41B5-B260-28E7753351E8}.Release|Any CPU.ActiveCfg = Release|Any CPU
		{E5807606-15F7-41B5-B260-28E7753351E8}.Release|Any CPU.Build.0 = Release|Any CPU
	EndGlobalSection
	GlobalSection(SolutionProperties) = preSolution
		HideSolutionNode = FALSE
	EndGlobalSection
	GlobalSection(ExtensibilityGlobals) = postSolution
		SolutionGuid = {A6C99F18-1E43-44C2-BAF1-7B4734716FF5}
	EndGlobalSection
EndGlobal
