
Microsoft Visual Studio Solution File, Format Version 12.00
# Visual Studio 15
VisualStudioVersion = 15.0.27130.2027
MinimumVisualStudioVersion = 10.0.40219.1
Project("{FAE04EC0-301F-11D3-BF4B-00C04F79EFBC}") = "FinalProjectRevised", "FinalProjectRevised\FinalProjectRevised.csproj", "{EEFC59D5-0DA9-4F74-A28B-CE1516A36924}"
EndProject
Global
	GlobalSection(SolutionConfigurationPlatforms) = preSolution
		Debug|Any CPU = Debug|Any CPU
		Release|Any CPU = Release|Any CPU
	EndGlobalSection
	GlobalSection(ProjectConfigurationPlatforms) = postSolution
		{EEFC59D5-0DA9-4F74-A28B-CE1516A36924}.Debug|Any CPU.ActiveCfg = Debug|Any CPU
		{EEFC59D5-0DA9-4F74-A28B-CE1516A36924}.Debug|Any CPU.Build.0 = Debug|Any CPU
		{EEFC59D5-0DA9-4F74-A28B-CE1516A36924}.Release|Any CPU.ActiveCfg = Release|Any CPU
		{EEFC59D5-0DA9-4F74-A28B-CE1516A36924}.Release|Any CPU.Build.0 = Release|Any CPU
	EndGlobalSection
	GlobalSection(SolutionProperties) = preSolution
		HideSolutionNode = FALSE
	EndGlobalSection
	GlobalSection(ExtensibilityGlobals) = postSolution
		SolutionGuid = {ED44A7F5-2123-462B-940E-04CBB8BFC8F0}
	EndGlobalSection
EndGlobal
