
Microsoft Visual Studio Solution File, Format Version 12.00
# Visual Studio 15
VisualStudioVersion = 15.0.27130.2027
MinimumVisualStudioVersion = 10.0.40219.1
Project("{FAE04EC0-301F-11D3-BF4B-00C04F79EFBC}") = "Week5", "Week5\Week5.csproj", "{CE43470A-E5E3-4B91-915A-73E027122DB9}"
EndProject
Global
	GlobalSection(SolutionConfigurationPlatforms) = preSolution
		Debug|Any CPU = Debug|Any CPU
		Release|Any CPU = Release|Any CPU
	EndGlobalSection
	GlobalSection(ProjectConfigurationPlatforms) = postSolution
		{CE43470A-E5E3-4B91-915A-73E027122DB9}.Debug|Any CPU.ActiveCfg = Debug|Any CPU
		{CE43470A-E5E3-4B91-915A-73E027122DB9}.Debug|Any CPU.Build.0 = Debug|Any CPU
		{CE43470A-E5E3-4B91-915A-73E027122DB9}.Release|Any CPU.ActiveCfg = Release|Any CPU
		{CE43470A-E5E3-4B91-915A-73E027122DB9}.Release|Any CPU.Build.0 = Release|Any CPU
	EndGlobalSection
	GlobalSection(SolutionProperties) = preSolution
		HideSolutionNode = FALSE
	EndGlobalSection
	GlobalSection(ExtensibilityGlobals) = postSolution
		SolutionGuid = {BA5CB9B4-979C-4886-A3BB-F1A1A0C13E00}
	EndGlobalSection
EndGlobal
