
Microsoft Visual Studio Solution File, Format Version 12.00
# Visual Studio 15
VisualStudioVersion = 15.0.27130.2027
MinimumVisualStudioVersion = 10.0.40219.1
Project("{FAE04EC0-301F-11D3-BF4B-00C04F79EFBC}") = "WebApplication7", "WebApplication7\WebApplication7.csproj", "{93C85C4B-A8EB-40C3-BA08-576E280E7BB8}"
EndProject
Global
	GlobalSection(SolutionConfigurationPlatforms) = preSolution
		Debug|Any CPU = Debug|Any CPU
		Release|Any CPU = Release|Any CPU
	EndGlobalSection
	GlobalSection(ProjectConfigurationPlatforms) = postSolution
		{93C85C4B-A8EB-40C3-BA08-576E280E7BB8}.Debug|Any CPU.ActiveCfg = Debug|Any CPU
		{93C85C4B-A8EB-40C3-BA08-576E280E7BB8}.Debug|Any CPU.Build.0 = Debug|Any CPU
		{93C85C4B-A8EB-40C3-BA08-576E280E7BB8}.Release|Any CPU.ActiveCfg = Release|Any CPU
		{93C85C4B-A8EB-40C3-BA08-576E280E7BB8}.Release|Any CPU.Build.0 = Release|Any CPU
	EndGlobalSection
	GlobalSection(SolutionProperties) = preSolution
		HideSolutionNode = FALSE
	EndGlobalSection
	GlobalSection(ExtensibilityGlobals) = postSolution
		SolutionGuid = {48767B04-7636-4CF3-B666-05E69030CDD1}
	EndGlobalSection
EndGlobal
