
Microsoft Visual Studio Solution File, Format Version 12.00
# Visual Studio 15
VisualStudioVersion = 15.0.27130.2027
MinimumVisualStudioVersion = 10.0.40219.1
Project("{FAE04EC0-301F-11D3-BF4B-00C04F79EFBC}") = "MultipleForm", "MultipleForm\MultipleForm.csproj", "{2A3BB6C8-E6C3-4D18-969E-18B82C487C3A}"
EndProject
Global
	GlobalSection(SolutionConfigurationPlatforms) = preSolution
		Debug|Any CPU = Debug|Any CPU
		Release|Any CPU = Release|Any CPU
	EndGlobalSection
	GlobalSection(ProjectConfigurationPlatforms) = postSolution
		{2A3BB6C8-E6C3-4D18-969E-18B82C487C3A}.Debug|Any CPU.ActiveCfg = Debug|Any CPU
		{2A3BB6C8-E6C3-4D18-969E-18B82C487C3A}.Debug|Any CPU.Build.0 = Debug|Any CPU
		{2A3BB6C8-E6C3-4D18-969E-18B82C487C3A}.Release|Any CPU.ActiveCfg = Release|Any CPU
		{2A3BB6C8-E6C3-4D18-969E-18B82C487C3A}.Release|Any CPU.Build.0 = Release|Any CPU
	EndGlobalSection
	GlobalSection(SolutionProperties) = preSolution
		HideSolutionNode = FALSE
	EndGlobalSection
	GlobalSection(ExtensibilityGlobals) = postSolution
		SolutionGuid = {3510EBF1-F52D-4091-A4BB-85B8CB75C1D8}
	EndGlobalSection
EndGlobal
