
Microsoft Visual Studio Solution File, Format Version 12.00
# Visual Studio 15
VisualStudioVersion = 15.0.27130.2027
MinimumVisualStudioVersion = 10.0.40219.1
Project("{FAE04EC0-301F-11D3-BF4B-00C04F79EFBC}") = "TestingW3Layout", "TestingW3Layout\TestingW3Layout.csproj", "{265D8357-F8DD-4FFC-97B3-42DD1D069227}"
EndProject
Global
	GlobalSection(SolutionConfigurationPlatforms) = preSolution
		Debug|Any CPU = Debug|Any CPU
		Release|Any CPU = Release|Any CPU
	EndGlobalSection
	GlobalSection(ProjectConfigurationPlatforms) = postSolution
		{265D8357-F8DD-4FFC-97B3-42DD1D069227}.Debug|Any CPU.ActiveCfg = Debug|Any CPU
		{265D8357-F8DD-4FFC-97B3-42DD1D069227}.Debug|Any CPU.Build.0 = Debug|Any CPU
		{265D8357-F8DD-4FFC-97B3-42DD1D069227}.Release|Any CPU.ActiveCfg = Release|Any CPU
		{265D8357-F8DD-4FFC-97B3-42DD1D069227}.Release|Any CPU.Build.0 = Release|Any CPU
	EndGlobalSection
	GlobalSection(SolutionProperties) = preSolution
		HideSolutionNode = FALSE
	EndGlobalSection
	GlobalSection(ExtensibilityGlobals) = postSolution
		SolutionGuid = {2172CA88-41F7-4E65-9849-D2B24E7E14A0}
	EndGlobalSection
EndGlobal
