
Microsoft Visual Studio Solution File, Format Version 12.00
# Visual Studio 15
VisualStudioVersion = 15.0.27130.2027
MinimumVisualStudioVersion = 10.0.40219.1
Project("{FAE04EC0-301F-11D3-BF4B-00C04F79EFBC}") = "CRUDMVC", "CRUDMVC\CRUDMVC.csproj", "{C2408689-E42B-46C4-9087-5F493E88B66E}"
EndProject
Global
	GlobalSection(SolutionConfigurationPlatforms) = preSolution
		Debug|Any CPU = Debug|Any CPU
		Release|Any CPU = Release|Any CPU
	EndGlobalSection
	GlobalSection(ProjectConfigurationPlatforms) = postSolution
		{C2408689-E42B-46C4-9087-5F493E88B66E}.Debug|Any CPU.ActiveCfg = Debug|Any CPU
		{C2408689-E42B-46C4-9087-5F493E88B66E}.Debug|Any CPU.Build.0 = Debug|Any CPU
		{C2408689-E42B-46C4-9087-5F493E88B66E}.Release|Any CPU.ActiveCfg = Release|Any CPU
		{C2408689-E42B-46C4-9087-5F493E88B66E}.Release|Any CPU.Build.0 = Release|Any CPU
	EndGlobalSection
	GlobalSection(SolutionProperties) = preSolution
		HideSolutionNode = FALSE
	EndGlobalSection
	GlobalSection(ExtensibilityGlobals) = postSolution
		SolutionGuid = {8FFD92AB-B4E2-4F18-A9A0-DE358E344F74}
	EndGlobalSection
EndGlobal
