
Microsoft Visual Studio Solution File, Format Version 12.00
# Visual Studio 15
VisualStudioVersion = 15.0.27130.2027
MinimumVisualStudioVersion = 10.0.40219.1
Project("{FAE04EC0-301F-11D3-BF4B-00C04F79EFBC}") = "CakeStore", "CakeStore\CakeStore.csproj", "{FE2FDE11-6BE8-4634-B5E5-70F6BF1BE6C2}"
EndProject
Global
	GlobalSection(SolutionConfigurationPlatforms) = preSolution
		Debug|Any CPU = Debug|Any CPU
		Release|Any CPU = Release|Any CPU
	EndGlobalSection
	GlobalSection(ProjectConfigurationPlatforms) = postSolution
		{FE2FDE11-6BE8-4634-B5E5-70F6BF1BE6C2}.Debug|Any CPU.ActiveCfg = Debug|Any CPU
		{FE2FDE11-6BE8-4634-B5E5-70F6BF1BE6C2}.Debug|Any CPU.Build.0 = Debug|Any CPU
		{FE2FDE11-6BE8-4634-B5E5-70F6BF1BE6C2}.Release|Any CPU.ActiveCfg = Release|Any CPU
		{FE2FDE11-6BE8-4634-B5E5-70F6BF1BE6C2}.Release|Any CPU.Build.0 = Release|Any CPU
	EndGlobalSection
	GlobalSection(SolutionProperties) = preSolution
		HideSolutionNode = FALSE
	EndGlobalSection
	GlobalSection(ExtensibilityGlobals) = postSolution
		SolutionGuid = {A4DE6A12-23C6-4AE8-85A4-14EE402E3F41}
	EndGlobalSection
EndGlobal
